
Microsoft Visual Studio Solution File, Format Version 12.00
# Visual Studio Version 17
VisualStudioVersion = 17.1.32210.238
MinimumVisualStudioVersion = 10.0.40219.1
Project("{9A19103F-16F7-4668-BE54-9A1E7A4F7556}") = "MyApplication", "MyApplication.csproj", "{E77EE722-F96D-401B-93C6-4D442E43FDEC}"
EndProject
Global
	GlobalSection(SolutionConfigurationPlatforms) = preSolution
		Debug|Any CPU = Debug|Any CPU
		Release|Any CPU = Release|Any CPU
	EndGlobalSection
	GlobalSection(ProjectConfigurationPlatforms) = postSolution
		{E77EE722-F96D-401B-93C6-4D442E43FDEC}.Debug|Any CPU.ActiveCfg = Debug|Any CPU
		{E77EE722-F96D-401B-93C6-4D442E43FDEC}.Debug|Any CPU.Build.0 = Debug|Any CPU
		{E77EE722-F96D-401B-93C6-4D442E43FDEC}.Release|Any CPU.ActiveCfg = Release|Any CPU
		{E77EE722-F96D-401B-93C6-4D442E43FDEC}.Release|Any CPU.Build.0 = Release|Any CPU
	EndGlobalSection
	GlobalSection(SolutionProperties) = preSolution
		HideSolutionNode = FALSE
	EndGlobalSection
	GlobalSection(ExtensibilityGlobals) = postSolution
		SolutionGuid = {3645FBBE-6EDC-4965-AEBD-B854E73E93B8}
	EndGlobalSection
EndGlobal
